
Microsoft Visual Studio Solution File, Format Version 12.00
# Visual Studio Version 17
VisualStudioVersion = 17.10.35027.167
MinimumVisualStudioVersion = 10.0.40219.1
Project("{FAE04EC0-301F-11D3-BF4B-00C04F79EFBC}") = "ForOrnekleri", "ForOrnekleri\ForOrnekleri.csproj", "{C793A90E-9309-47C5-8BE9-F1C855A8CED5}"
EndProject
Global
	GlobalSection(SolutionConfigurationPlatforms) = preSolution
		Debug|Any CPU = Debug|Any CPU
		Release|Any CPU = Release|Any CPU
	EndGlobalSection
	GlobalSection(ProjectConfigurationPlatforms) = postSolution
		{C793A90E-9309-47C5-8BE9-F1C855A8CED5}.Debug|Any CPU.ActiveCfg = Debug|Any CPU
		{C793A90E-9309-47C5-8BE9-F1C855A8CED5}.Debug|Any CPU.Build.0 = Debug|Any CPU
		{C793A90E-9309-47C5-8BE9-F1C855A8CED5}.Release|Any CPU.ActiveCfg = Release|Any CPU
		{C793A90E-9309-47C5-8BE9-F1C855A8CED5}.Release|Any CPU.Build.0 = Release|Any CPU
	EndGlobalSection
	GlobalSection(SolutionProperties) = preSolution
		HideSolutionNode = FALSE
	EndGlobalSection
	GlobalSection(ExtensibilityGlobals) = postSolution
		SolutionGuid = {8B07D6E4-E002-4E65-874A-EAF92BA9A3DA}
	EndGlobalSection
EndGlobal
